
Microsoft Visual Studio Solution File, Format Version 12.00
# Visual Studio Version 17
VisualStudioVersion = 17.8.34309.116
MinimumVisualStudioVersion = 10.0.40219.1
Project("{FAE04EC0-301F-11D3-BF4B-00C04F79EFBC}") = "we", "we\we.csproj", "{AB45EBD8-D558-44B6-9896-0A9613B77070}"
EndProject
Global
	GlobalSection(SolutionConfigurationPlatforms) = preSolution
		Debug|Any CPU = Debug|Any CPU
		Release|Any CPU = Release|Any CPU
	EndGlobalSection
	GlobalSection(ProjectConfigurationPlatforms) = postSolution
		{AB45EBD8-D558-44B6-9896-0A9613B77070}.Debug|Any CPU.ActiveCfg = Debug|Any CPU
		{AB45EBD8-D558-44B6-9896-0A9613B77070}.Debug|Any CPU.Build.0 = Debug|Any CPU
		{AB45EBD8-D558-44B6-9896-0A9613B77070}.Release|Any CPU.ActiveCfg = Release|Any CPU
		{AB45EBD8-D558-44B6-9896-0A9613B77070}.Release|Any CPU.Build.0 = Release|Any CPU
	EndGlobalSection
	GlobalSection(SolutionProperties) = preSolution
		HideSolutionNode = FALSE
	EndGlobalSection
	GlobalSection(ExtensibilityGlobals) = postSolution
		SolutionGuid = {EC08DA1A-AFB7-43CF-A258-BD28C5A55D47}
	EndGlobalSection
EndGlobal
