
Microsoft Visual Studio Solution File, Format Version 12.00
# Visual Studio Version 17
VisualStudioVersion = 17.8.34309.116
MinimumVisualStudioVersion = 10.0.40219.1
Project("{FAE04EC0-301F-11D3-BF4B-00C04F79EFBC}") = "MVC-relation-detail", "MVC-relation-detail\MVC-relation-detail.csproj", "{3F7965F2-169B-44F4-8F88-00D16E877F56}"
EndProject
Global
	GlobalSection(SolutionConfigurationPlatforms) = preSolution
		Debug|Any CPU = Debug|Any CPU
		Release|Any CPU = Release|Any CPU
	EndGlobalSection
	GlobalSection(ProjectConfigurationPlatforms) = postSolution
		{3F7965F2-169B-44F4-8F88-00D16E877F56}.Debug|Any CPU.ActiveCfg = Debug|Any CPU
		{3F7965F2-169B-44F4-8F88-00D16E877F56}.Debug|Any CPU.Build.0 = Debug|Any CPU
		{3F7965F2-169B-44F4-8F88-00D16E877F56}.Release|Any CPU.ActiveCfg = Release|Any CPU
		{3F7965F2-169B-44F4-8F88-00D16E877F56}.Release|Any CPU.Build.0 = Release|Any CPU
	EndGlobalSection
	GlobalSection(SolutionProperties) = preSolution
		HideSolutionNode = FALSE
	EndGlobalSection
	GlobalSection(ExtensibilityGlobals) = postSolution
		SolutionGuid = {EADB79B3-B167-453E-9C9E-E37E1C418989}
	EndGlobalSection
EndGlobal
