
Microsoft Visual Studio Solution File, Format Version 12.00
# Visual Studio Version 17
VisualStudioVersion = 17.3.32929.385
MinimumVisualStudioVersion = 10.0.40219.1
Project("{FAE04EC0-301F-11D3-BF4B-00C04F79EFBC}") = "Pustok-MVC", "Pustok-MVC\Pustok-MVC.csproj", "{4D0C1A9D-0FB4-46E1-B31D-2692842FA492}"
EndProject
Global
	GlobalSection(SolutionConfigurationPlatforms) = preSolution
		Debug|Any CPU = Debug|Any CPU
		Release|Any CPU = Release|Any CPU
	EndGlobalSection
	GlobalSection(ProjectConfigurationPlatforms) = postSolution
		{4D0C1A9D-0FB4-46E1-B31D-2692842FA492}.Debug|Any CPU.ActiveCfg = Debug|Any CPU
		{4D0C1A9D-0FB4-46E1-B31D-2692842FA492}.Debug|Any CPU.Build.0 = Debug|Any CPU
		{4D0C1A9D-0FB4-46E1-B31D-2692842FA492}.Release|Any CPU.ActiveCfg = Release|Any CPU
		{4D0C1A9D-0FB4-46E1-B31D-2692842FA492}.Release|Any CPU.Build.0 = Release|Any CPU
	EndGlobalSection
	GlobalSection(SolutionProperties) = preSolution
		HideSolutionNode = FALSE
	EndGlobalSection
	GlobalSection(ExtensibilityGlobals) = postSolution
		SolutionGuid = {DCC78EE4-BB5F-41C7-A723-D49E5EA9665E}
	EndGlobalSection
EndGlobal
