
Microsoft Visual Studio Solution File, Format Version 12.00
# Visual Studio Version 17
VisualStudioVersion = 17.3.32929.385
MinimumVisualStudioVersion = 10.0.40219.1
Project("{FAE04EC0-301F-11D3-BF4B-00C04F79EFBC}") = "Indigo-Mvc", "Indigo-Mvc\Indigo-Mvc.csproj", "{52A2A8A1-ABD0-4E21-9A75-0FF20D3DACF3}"
EndProject
Global
	GlobalSection(SolutionConfigurationPlatforms) = preSolution
		Debug|Any CPU = Debug|Any CPU
		Release|Any CPU = Release|Any CPU
	EndGlobalSection
	GlobalSection(ProjectConfigurationPlatforms) = postSolution
		{52A2A8A1-ABD0-4E21-9A75-0FF20D3DACF3}.Debug|Any CPU.ActiveCfg = Debug|Any CPU
		{52A2A8A1-ABD0-4E21-9A75-0FF20D3DACF3}.Debug|Any CPU.Build.0 = Debug|Any CPU
		{52A2A8A1-ABD0-4E21-9A75-0FF20D3DACF3}.Release|Any CPU.ActiveCfg = Release|Any CPU
		{52A2A8A1-ABD0-4E21-9A75-0FF20D3DACF3}.Release|Any CPU.Build.0 = Release|Any CPU
	EndGlobalSection
	GlobalSection(SolutionProperties) = preSolution
		HideSolutionNode = FALSE
	EndGlobalSection
	GlobalSection(ExtensibilityGlobals) = postSolution
		SolutionGuid = {98039BA1-860C-41DF-92E1-3E9CCE2D0F05}
	EndGlobalSection
EndGlobal
