
Microsoft Visual Studio Solution File, Format Version 12.00
# Visual Studio Version 17
VisualStudioVersion = 17.8.34309.116
MinimumVisualStudioVersion = 10.0.40219.1
Project("{FAE04EC0-301F-11D3-BF4B-00C04F79EFBC}") = "Second-Api", "Second-Api\Second-Api.csproj", "{EC7FD7CB-49B6-43E6-96D8-048FF4763509}"
EndProject
Global
	GlobalSection(SolutionConfigurationPlatforms) = preSolution
		Debug|Any CPU = Debug|Any CPU
		Release|Any CPU = Release|Any CPU
	EndGlobalSection
	GlobalSection(ProjectConfigurationPlatforms) = postSolution
		{EC7FD7CB-49B6-43E6-96D8-048FF4763509}.Debug|Any CPU.ActiveCfg = Debug|Any CPU
		{EC7FD7CB-49B6-43E6-96D8-048FF4763509}.Debug|Any CPU.Build.0 = Debug|Any CPU
		{EC7FD7CB-49B6-43E6-96D8-048FF4763509}.Release|Any CPU.ActiveCfg = Release|Any CPU
		{EC7FD7CB-49B6-43E6-96D8-048FF4763509}.Release|Any CPU.Build.0 = Release|Any CPU
	EndGlobalSection
	GlobalSection(SolutionProperties) = preSolution
		HideSolutionNode = FALSE
	EndGlobalSection
	GlobalSection(ExtensibilityGlobals) = postSolution
		SolutionGuid = {6809BE8C-6E73-4162-BF39-3B04F757E3F6}
	EndGlobalSection
EndGlobal
